
Microsoft Visual Studio Solution File, Format Version 12.00
# Visual Studio Version 17
VisualStudioVersion = 17.0.31903.59
MinimumVisualStudioVersion = 10.0.40219.1
Project("{2150E333-8FDC-42A3-9474-1A3956D46DE8}") = "InfnetEcommerceContext.User", "InfnetEcommerceContext.User", "{E705FCC3-BFB8-4CEA-B781-2E1B39801D80}"
EndProject
Project("{2150E333-8FDC-42A3-9474-1A3956D46DE8}") = "InfnetEcommerceContext.Payment", "InfnetEcommerceContext.Payment", "{C873ECAC-00B3-4C99-9F90-152CD76FF221}"
EndProject
Project("{2150E333-8FDC-42A3-9474-1A3956D46DE8}") = "InfnetEcommerceContext.Order", "InfnetEcommerceContext.Order", "{4DA2F124-93BF-4906-BA90-86A47A036A5A}"
EndProject
Project("{2150E333-8FDC-42A3-9474-1A3956D46DE8}") = "InfnetEcommerceContext.Product", "InfnetEcommerceContext.Product", "{D6328BB1-FB6C-44C2-9C4B-F5D52D6F5A15}"
EndProject
Project("{2150E333-8FDC-42A3-9474-1A3956D46DE8}") = "InfnetEcommerceContext.Email", "InfnetEcommerceContext.Email", "{6B96F191-F610-4EE9-935E-AB62B6FD6543}"
EndProject
Project("{2150E333-8FDC-42A3-9474-1A3956D46DE8}") = "InfnetEcommerceContext.Cart", "InfnetEcommerceContext.Cart", "{16DF5C44-1F6C-4EE9-8494-16F1B927E323}"
EndProject
Project("{9A19103F-16F7-4668-BE54-9A1E7A4F7556}") = "InfnetEcommerceContext.Cart.API", "InfnetEcommerceContext.Cart\InfnetEcommerceContext.Cart.API\InfnetEcommerceContext.Cart.API.csproj", "{0536C0BE-33F4-4E6F-A1A0-C72B7BF0B079}"
EndProject
Project("{9A19103F-16F7-4668-BE54-9A1E7A4F7556}") = "InfnetEcommerceContext.Email.API", "InfnetEcommerceContext.Email\InfnetEcommerceContext.Email.API\InfnetEcommerceContext.Email.API.csproj", "{BB82A022-BB03-4FBD-8040-244F118ACEB7}"
EndProject
Project("{9A19103F-16F7-4668-BE54-9A1E7A4F7556}") = "InfnetEcommerceContext.Order.API", "InfnetEcommerceContext.Order\InfnetEcommerceContext.Order.API\InfnetEcommerceContext.Order.API.csproj", "{7123AFB0-A9ED-4E33-AB5E-FAC00154CE62}"
EndProject
Project("{9A19103F-16F7-4668-BE54-9A1E7A4F7556}") = "InfnetEcommerceContext.Payment.API", "InfnetEcommerceContext.Payment\InfnetEcommerceContext.Payment.API\InfnetEcommerceContext.Payment.API.csproj", "{C7A41223-11CE-4986-BD53-E5C319C50C7F}"
EndProject
Project("{9A19103F-16F7-4668-BE54-9A1E7A4F7556}") = "InfnetEcommerceContext.Product.API", "InfnetEcommerceContext.Product\InfnetEcommerceContext.Product.API\InfnetEcommerceContext.Product.API.csproj", "{FA484FD1-0F17-458D-B507-3C023BDBC79B}"
EndProject
Project("{9A19103F-16F7-4668-BE54-9A1E7A4F7556}") = "InfnetEcommerceContext.User.API", "InfnetEcommerceContext.User\InfnetEcommerceContext.User.API\InfnetEcommerceContext.User.API.csproj", "{8600BDBD-4E13-41DB-8C96-D8FD4009640D}"
EndProject
Project("{9A19103F-16F7-4668-BE54-9A1E7A4F7556}") = "MessagingContracts", "MessagingContracts\MessagingContracts.csproj", "{9991EFAC-5669-4E59-8E77-2487ACC769DF}"
EndProject
Project("{E53339B2-1760-4266-BCC7-CA923CBCF16C}") = "docker-compose", "docker-compose.dcproj", "{A4ECB710-B844-4202-8710-63CF042557A4}"
EndProject
Project("{2150E333-8FDC-42A3-9474-1A3956D46DE8}") = "InfnetEcommerceContext.Shared", "InfnetEcommerceContext.Shared", "{16334870-EFAD-4FC0-ADBD-415DCE4A1462}"
EndProject
Project("{9A19103F-16F7-4668-BE54-9A1E7A4F7556}") = "InfnetEcommerceContext.Shared", "InfnetEcommerceContext.Shared\InfnetEcommerceContext.Shared.csproj", "{7FD0CC51-4729-4D15-888E-CB066A348FC5}"
EndProject
Global
	GlobalSection(SolutionConfigurationPlatforms) = preSolution
		Debug|Any CPU = Debug|Any CPU
		Release|Any CPU = Release|Any CPU
	EndGlobalSection
	GlobalSection(ProjectConfigurationPlatforms) = postSolution
		{0536C0BE-33F4-4E6F-A1A0-C72B7BF0B079}.Debug|Any CPU.ActiveCfg = Debug|Any CPU
		{0536C0BE-33F4-4E6F-A1A0-C72B7BF0B079}.Debug|Any CPU.Build.0 = Debug|Any CPU
		{0536C0BE-33F4-4E6F-A1A0-C72B7BF0B079}.Release|Any CPU.ActiveCfg = Release|Any CPU
		{0536C0BE-33F4-4E6F-A1A0-C72B7BF0B079}.Release|Any CPU.Build.0 = Release|Any CPU
		{BB82A022-BB03-4FBD-8040-244F118ACEB7}.Debug|Any CPU.ActiveCfg = Debug|Any CPU
		{BB82A022-BB03-4FBD-8040-244F118ACEB7}.Debug|Any CPU.Build.0 = Debug|Any CPU
		{BB82A022-BB03-4FBD-8040-244F118ACEB7}.Release|Any CPU.ActiveCfg = Release|Any CPU
		{BB82A022-BB03-4FBD-8040-244F118ACEB7}.Release|Any CPU.Build.0 = Release|Any CPU
		{7123AFB0-A9ED-4E33-AB5E-FAC00154CE62}.Debug|Any CPU.ActiveCfg = Debug|Any CPU
		{7123AFB0-A9ED-4E33-AB5E-FAC00154CE62}.Debug|Any CPU.Build.0 = Debug|Any CPU
		{7123AFB0-A9ED-4E33-AB5E-FAC00154CE62}.Release|Any CPU.ActiveCfg = Release|Any CPU
		{7123AFB0-A9ED-4E33-AB5E-FAC00154CE62}.Release|Any CPU.Build.0 = Release|Any CPU
		{C7A41223-11CE-4986-BD53-E5C319C50C7F}.Debug|Any CPU.ActiveCfg = Debug|Any CPU
		{C7A41223-11CE-4986-BD53-E5C319C50C7F}.Debug|Any CPU.Build.0 = Debug|Any CPU
		{C7A41223-11CE-4986-BD53-E5C319C50C7F}.Release|Any CPU.ActiveCfg = Release|Any CPU
		{C7A41223-11CE-4986-BD53-E5C319C50C7F}.Release|Any CPU.Build.0 = Release|Any CPU
		{FA484FD1-0F17-458D-B507-3C023BDBC79B}.Debug|Any CPU.ActiveCfg = Debug|Any CPU
		{FA484FD1-0F17-458D-B507-3C023BDBC79B}.Debug|Any CPU.Build.0 = Debug|Any CPU
		{FA484FD1-0F17-458D-B507-3C023BDBC79B}.Release|Any CPU.ActiveCfg = Release|Any CPU
		{FA484FD1-0F17-458D-B507-3C023BDBC79B}.Release|Any CPU.Build.0 = Release|Any CPU
		{8600BDBD-4E13-41DB-8C96-D8FD4009640D}.Debug|Any CPU.ActiveCfg = Debug|Any CPU
		{8600BDBD-4E13-41DB-8C96-D8FD4009640D}.Debug|Any CPU.Build.0 = Debug|Any CPU
		{8600BDBD-4E13-41DB-8C96-D8FD4009640D}.Release|Any CPU.ActiveCfg = Release|Any CPU
		{8600BDBD-4E13-41DB-8C96-D8FD4009640D}.Release|Any CPU.Build.0 = Release|Any CPU
		{9991EFAC-5669-4E59-8E77-2487ACC769DF}.Debug|Any CPU.ActiveCfg = Debug|Any CPU
		{9991EFAC-5669-4E59-8E77-2487ACC769DF}.Debug|Any CPU.Build.0 = Debug|Any CPU
		{9991EFAC-5669-4E59-8E77-2487ACC769DF}.Release|Any CPU.ActiveCfg = Release|Any CPU
		{9991EFAC-5669-4E59-8E77-2487ACC769DF}.Release|Any CPU.Build.0 = Release|Any CPU
		{A4ECB710-B844-4202-8710-63CF042557A4}.Debug|Any CPU.ActiveCfg = Debug|Any CPU
		{A4ECB710-B844-4202-8710-63CF042557A4}.Debug|Any CPU.Build.0 = Debug|Any CPU
		{A4ECB710-B844-4202-8710-63CF042557A4}.Release|Any CPU.ActiveCfg = Release|Any CPU
		{A4ECB710-B844-4202-8710-63CF042557A4}.Release|Any CPU.Build.0 = Release|Any CPU
		{7FD0CC51-4729-4D15-888E-CB066A348FC5}.Debug|Any CPU.ActiveCfg = Debug|Any CPU
		{7FD0CC51-4729-4D15-888E-CB066A348FC5}.Debug|Any CPU.Build.0 = Debug|Any CPU
		{7FD0CC51-4729-4D15-888E-CB066A348FC5}.Release|Any CPU.ActiveCfg = Release|Any CPU
		{7FD0CC51-4729-4D15-888E-CB066A348FC5}.Release|Any CPU.Build.0 = Release|Any CPU
	EndGlobalSection
	GlobalSection(SolutionProperties) = preSolution
		HideSolutionNode = FALSE
	EndGlobalSection
	GlobalSection(NestedProjects) = preSolution
		{0536C0BE-33F4-4E6F-A1A0-C72B7BF0B079} = {16DF5C44-1F6C-4EE9-8494-16F1B927E323}
		{BB82A022-BB03-4FBD-8040-244F118ACEB7} = {6B96F191-F610-4EE9-935E-AB62B6FD6543}
		{7123AFB0-A9ED-4E33-AB5E-FAC00154CE62} = {4DA2F124-93BF-4906-BA90-86A47A036A5A}
		{C7A41223-11CE-4986-BD53-E5C319C50C7F} = {C873ECAC-00B3-4C99-9F90-152CD76FF221}
		{FA484FD1-0F17-458D-B507-3C023BDBC79B} = {D6328BB1-FB6C-44C2-9C4B-F5D52D6F5A15}
		{8600BDBD-4E13-41DB-8C96-D8FD4009640D} = {E705FCC3-BFB8-4CEA-B781-2E1B39801D80}
		{7FD0CC51-4729-4D15-888E-CB066A348FC5} = {16334870-EFAD-4FC0-ADBD-415DCE4A1462}
	EndGlobalSection
	GlobalSection(ExtensibilityGlobals) = postSolution
		SolutionGuid = {C188B7A1-3AB9-41EA-9064-E600AED14036}
	EndGlobalSection
EndGlobal
